<?xml version="1.0" encoding="UTF-8" standalone="yes" ?>
<CodeBlocks_project_file>
	<FileVersion major="1" minor="6" />
	<Project>
		<Option title="HFS" />
		<Option makefile_is_custom="1" />
		<Option pch_mode="2" />
		<Option compiler="gcc" />
		<Build>
			<Target title="debug2D">
				<Option output="HFS" prefix_auto="1" extension_auto="1" />
				<Option object_output="obj/Debug/" />
				<Option type="1" />
				<Option compiler="gcc" />
				<Compiler>
					<Add option="-g" />
				</Compiler>
				<MakeCommands>
					<Build command="$make -f $makefile $target" />
					<CompileFile command="$make -f $makefile $file" />
					<Clean command="$make -f $makefile clean" />
					<DistClean command="$make -f $makefile distclean$target" />
					<AskRebuildNeeded command="$make -q -f $makefile $target" />
					<SilentBuild command="$make -f $makefile $target &gt; $(CMD_NULL)" />
				</MakeCommands>
			</Target>
			<Target title="release2D">
				<Option output="HFS" prefix_auto="1" extension_auto="1" />
				<Option object_output="obj/Release/" />
				<Option type="1" />
				<Option compiler="gcc" />
				<Compiler>
					<Add option="-O2" />
				</Compiler>
				<Linker>
					<Add option="-s" />
				</Linker>
				<MakeCommands>
					<Build command="$make -f $makefile $target" />
					<CompileFile command="$make -f $makefile $file" />
					<Clean command="$make -f $makefile clean" />
					<DistClean command="$make -f $makefile distclean$target" />
					<AskRebuildNeeded command="$make -q -f $makefile $target" />
					<SilentBuild command="$make -f $makefile $target &gt; $(CMD_NULL)" />
				</MakeCommands>
			</Target>
			<Target title="profile2D">
				<Option output="HFS" prefix_auto="1" extension_auto="1" />
				<Option object_output="obj/Release/" />
				<Option type="1" />
				<Option compiler="gcc" />
				<Compiler>
					<Add option="-O2" />
				</Compiler>
				<Linker>
					<Add option="-s" />
				</Linker>
				<MakeCommands>
					<Build command="$make -f $makefile $target" />
					<CompileFile command="$make -f $makefile $file" />
					<Clean command="$make -f $makefile clean" />
					<DistClean command="$make -f $makefile distclean$target" />
					<AskRebuildNeeded command="$make -q -f $makefile $target" />
					<SilentBuild command="$make -f $makefile $target &gt; $(CMD_NULL)" />
				</MakeCommands>
			</Target>
			<Target title="debug3D">
				<Option output="HFS" prefix_auto="1" extension_auto="1" />
				<Option type="1" />
				<Option compiler="gcc" />
				<Option use_console_runner="0" />
			</Target>
			<Target title="profile3D">
				<Option output="HFS" prefix_auto="1" extension_auto="1" />
				<Option type="1" />
				<Option compiler="gcc" />
				<Option use_console_runner="0" />
			</Target>
			<Target title="release3D">
				<Option output="HFS" prefix_auto="1" extension_auto="1" />
				<Option type="1" />
				<Option compiler="gcc" />
				<Option use_console_runner="0" />
			</Target>
		</Build>
		<Compiler>
			<Add option="-Wall" />
			<Add option="-fexceptions" />
		</Compiler>
		<Unit filename="Makefile">
			<Option target="debug2D" />
			<Option target="release2D" />
			<Option target="profile2D" />
		</Unit>
		<Unit filename="launch.py">
			<Option target="debug2D" />
			<Option target="release2D" />
			<Option target="profile2D" />
		</Unit>
		<Unit filename="src/NDmap.hpp">
			<Option target="debug2D" />
			<Option target="release2D" />
			<Option target="profile2D" />
		</Unit>
		<Unit filename="src/SLEPcWrapper.cpp" />
		<Unit filename="src/SLEPcWrapper.hpp">
			<Option target="debug2D" />
			<Option target="release2D" />
			<Option target="profile2D" />
		</Unit>
		<Unit filename="src/base_funcs.cpp">
			<Option target="debug2D" />
			<Option target="release2D" />
			<Option target="profile2D" />
		</Unit>
		<Unit filename="src/base_funcs.hpp">
			<Option target="debug2D" />
			<Option target="release2D" />
			<Option target="profile2D" />
		</Unit>
		<Unit filename="src/calc_parameters.cpp">
			<Option target="debug2D" />
			<Option target="release2D" />
			<Option target="profile2D" />
		</Unit>
		<Unit filename="src/calc_parameters.hpp">
			<Option target="debug2D" />
			<Option target="release2D" />
			<Option target="profile2D" />
		</Unit>
		<Unit filename="src/debug.cpp">
			<Option target="debug2D" />
			<Option target="release2D" />
			<Option target="profile2D" />
		</Unit>
		<Unit filename="src/debug.hpp">
			<Option target="debug2D" />
			<Option target="release2D" />
			<Option target="profile2D" />
		</Unit>
		<Unit filename="src/fileIO.cpp">
			<Option target="debug2D" />
			<Option target="release2D" />
			<Option target="profile2D" />
		</Unit>
		<Unit filename="src/fileIO.hpp">
			<Option target="debug2D" />
			<Option target="release2D" />
			<Option target="profile2D" />
		</Unit>
		<Unit filename="src/main.cpp">
			<Option target="debug2D" />
			<Option target="release2D" />
			<Option target="profile2D" />
		</Unit>
		<Unit filename="src/main.hpp">
			<Option target="debug2D" />
			<Option target="release2D" />
			<Option target="profile2D" />
		</Unit>
		<Unit filename="src/matrix_utils.cpp">
			<Option target="debug2D" />
			<Option target="release2D" />
			<Option target="profile2D" />
		</Unit>
		<Unit filename="src/matrix_utils.hpp">
			<Option target="debug2D" />
			<Option target="release2D" />
			<Option target="profile2D" />
		</Unit>
		<Unit filename="src/parameters.cpp">
			<Option target="debug2D" />
			<Option target="release2D" />
			<Option target="profile2D" />
		</Unit>
		<Unit filename="src/parameters.hpp">
			<Option target="debug2D" />
			<Option target="release2D" />
			<Option target="profile2D" />
		</Unit>
		<Extensions>
			<code_completion />
			<debugger />
			<envvars />
			<DoxyBlocks>
				<comment_style block="0" line="0" />
				<doxyfile_project />
				<doxyfile_build />
				<doxyfile_warnings />
				<doxyfile_output />
				<doxyfile_dot />
				<general />
			</DoxyBlocks>
		</Extensions>
	</Project>
</CodeBlocks_project_file>
