<?xml version="1.0" encoding="UTF-8" standalone="yes" ?>
<CodeBlocks_project_file>
	<FileVersion major="1" minor="6" />
	<Project>
		<Option title="HFS" />
		<Option makefile_is_custom="1" />
		<Option pch_mode="2" />
		<Option compiler="gcc" />
		<Build>
			<Target title="Debug">
				<Option output="HFS" prefix_auto="1" extension_auto="1" />
				<Option object_output="obj/Debug/" />
				<Option type="1" />
				<Option compiler="gcc" />
				<Compiler>
					<Add option="-g" />
				</Compiler>
				<MakeCommands>
					<Build command="$make -f $makefile $target" />
					<CompileFile command="$make -f $makefile $file" />
					<Clean command="$make -f $makefile clean" />
					<DistClean command="$make -f $makefile distclean$target" />
					<AskRebuildNeeded command="$make -q -f $makefile $target" />
					<SilentBuild command="$make -f $makefile $target &gt; $(CMD_NULL)" />
				</MakeCommands>
			</Target>
			<Target title="Release">
				<Option output="HFS" prefix_auto="1" extension_auto="1" />
				<Option object_output="obj/Release/" />
				<Option type="1" />
				<Option compiler="gcc" />
				<Compiler>
					<Add option="-O2" />
				</Compiler>
				<Linker>
					<Add option="-s" />
				</Linker>
				<MakeCommands>
					<Build command="$make -f $makefile $target" />
					<CompileFile command="$make -f $makefile $file" />
					<Clean command="$make -f $makefile clean" />
					<DistClean command="$make -f $makefile distclean$target" />
					<AskRebuildNeeded command="$make -q -f $makefile $target" />
					<SilentBuild command="$make -f $makefile $target &gt; $(CMD_NULL)" />
				</MakeCommands>
			</Target>
			<Target title="Profile">
				<Option output="HFS" prefix_auto="1" extension_auto="1" />
				<Option object_output="obj/Release/" />
				<Option type="1" />
				<Option compiler="gcc" />
				<Compiler>
					<Add option="-O2" />
				</Compiler>
				<Linker>
					<Add option="-s" />
				</Linker>
				<MakeCommands>
					<Build command="$make -f $makefile $target" />
					<CompileFile command="$make -f $makefile $file" />
					<Clean command="$make -f $makefile clean" />
					<DistClean command="$make -f $makefile distclean$target" />
					<AskRebuildNeeded command="$make -q -f $makefile $target" />
					<SilentBuild command="$make -f $makefile $target &gt; $(CMD_NULL)" />
				</MakeCommands>
			</Target>
		</Build>
		<Compiler>
			<Add option="-Wall" />
			<Add option="-fexceptions" />
		</Compiler>
		<Unit filename="Makefile" />
		<Unit filename="cppfiles/HFS_base_funcs.cpp" />
		<Unit filename="cppfiles/HFS_base_funcs.hpp" />
		<Unit filename="cppfiles/HFS_davidson.cpp" />
		<Unit filename="cppfiles/HFS_davidson.hpp" />
		<Unit filename="cppfiles/HFS_debug.cpp" />
		<Unit filename="cppfiles/HFS_debug.hpp" />
		<Unit filename="cppfiles/HFS_fileIO.cpp" />
		<Unit filename="cppfiles/HFS_fileIO.hpp" />
		<Unit filename="cppfiles/HFS_main.cpp" />
		<Unit filename="cppfiles/HFS_main.hpp" />
		<Unit filename="cppfiles/HFS_matrix_utils.cpp" />
		<Unit filename="cppfiles/HFS_matrix_utils.hpp" />
		<Unit filename="cppfiles/HFS_params.cpp" />
		<Unit filename="cppfiles/HFS_params.hpp" />
		<Unit filename="cppfiles/HFS_params_calc.cpp" />
		<Unit filename="cppfiles/HFS_params_calc.hpp" />
		<Unit filename="files2dataframe.py" />
		<Unit filename="launch.py">
			<Option compiler="gcc" use="0" buildCommand="python launch.py" />
		</Unit>
		<Unit filename="setup.py">
			<Option compiler="gcc" use="0" buildCommand="python setup.py" />
		</Unit>
		<Unit filename="wrapper/HFS.py" />
		<Unit filename="wrapper/HFS_wrap.cpp" />
		<Unit filename="wrapper/armanpy.hpp" />
		<Extensions>
			<code_completion />
			<debugger />
			<envvars />
		</Extensions>
	</Project>
</CodeBlocks_project_file>
